{
    "version": 3,
    "terraform_version": "0.11.11",
    "serial": 9,
    "lineage": "d4e2a532-5f4f-d5f9-6514-1c05dd08a701",
    "modules": [
        {
            "path": [
                "root"
            ],
            "outputs": {},
            "resources": {
                "google_compute_firewall.ssh": {
                    "type": "google_compute_firewall",
                    "depends_on": [
                        "google_compute_network.shippy-network"
                    ],
                    "primary": {
                        "id": "shippy-platform-ssh",
                        "attributes": {
                            "allow.#": "2",
                            "allow.1367131964.ports.#": "0",
                            "allow.1367131964.protocol": "icmp",
                            "allow.827249178.ports.#": "3",
                            "allow.827249178.ports.0": "22",
                            "allow.827249178.ports.1": "80",
                            "allow.827249178.ports.2": "443",
                            "allow.827249178.protocol": "tcp",
                            "creation_timestamp": "2019-02-08T01:19:58.752-08:00",
                            "deny.#": "0",
                            "description": "",
                            "destination_ranges.#": "0",
                            "direction": "INGRESS",
                            "disabled": "false",
                            "enable_logging": "false",
                            "id": "shippy-platform-ssh",
                            "name": "shippy-platform-ssh",
                            "network": "https://www.googleapis.com/compute/v1/projects/my-project-tattoor/global/networks/shippy-platform",
                            "priority": "1000",
                            "project": "my-project-tattoor",
                            "self_link": "https://www.googleapis.com/compute/v1/projects/my-project-tattoor/global/firewalls/shippy-platform-ssh",
                            "source_ranges.#": "1",
                            "source_ranges.1080289494": "0.0.0.0/0",
                            "source_service_accounts.#": "0",
                            "source_tags.#": "0",
                            "target_service_accounts.#": "0",
                            "target_tags.#": "0"
                        },
                        "meta": {
                            "e2bfb730-ecaa-11e6-8f88-34363bc7c4c0": {
                                "create": 240000000000,
                                "delete": 240000000000,
                                "update": 240000000000
                            },
                            "schema_version": "1"
                        },
                        "tainted": false
                    },
                    "deposed": [],
                    "provider": "provider.google"
                },
                "google_compute_network.shippy-network": {
                    "type": "google_compute_network",
                    "depends_on": [],
                    "primary": {
                        "id": "shippy-platform",
                        "attributes": {
                            "auto_create_subnetworks": "true",
                            "description": "",
                            "gateway_ipv4": "",
                            "id": "shippy-platform",
                            "ipv4_range": "",
                            "name": "shippy-platform",
                            "project": "my-project-tattoor",
                            "routing_mode": "REGIONAL",
                            "self_link": "https://www.googleapis.com/compute/v1/projects/my-project-tattoor/global/networks/shippy-platform"
                        },
                        "meta": {},
                        "tainted": false
                    },
                    "deposed": [],
                    "provider": "provider.google"
                },
                "google_compute_subnetwork.shippy-freight": {
                    "type": "google_compute_subnetwork",
                    "depends_on": [
                        "google_compute_network.shippy-network"
                    ],
                    "primary": {
                        "id": "europe-west2/dev-shippy-platform-europe-west2",
                        "attributes": {
                            "creation_timestamp": "2019-02-08T01:19:59.071-08:00",
                            "description": "",
                            "enable_flow_logs": "false",
                            "fingerprint": "kgR-AKGhIYY=",
                            "gateway_address": "10.1.2.1",
                            "id": "europe-west2/dev-shippy-platform-europe-west2",
                            "ip_cidr_range": "10.1.2.0/24",
                            "name": "dev-shippy-platform-europe-west2",
                            "network": "https://www.googleapis.com/compute/v1/projects/my-project-tattoor/global/networks/shippy-platform",
                            "private_ip_google_access": "false",
                            "project": "my-project-tattoor",
                            "region": "europe-west2",
                            "secondary_ip_range.#": "0",
                            "self_link": "https://www.googleapis.com/compute/v1/projects/my-project-tattoor/regions/europe-west2/subnetworks/dev-shippy-platform-europe-west2"
                        },
                        "meta": {
                            "e2bfb730-ecaa-11e6-8f88-34363bc7c4c0": {
                                "create": 360000000000,
                                "delete": 360000000000,
                                "update": 360000000000
                            }
                        },
                        "tainted": false
                    },
                    "deposed": [],
                    "provider": "provider.google"
                },
                "google_container_cluster.shippy-freight-cluster": {
                    "type": "google_container_cluster",
                    "depends_on": [
                        "google_compute_network.shippy-network",
                        "google_compute_subnetwork.shippy-freight"
                    ],
                    "primary": {
                        "id": "shippy-freight-cluster",
                        "attributes": {
                            "additional_zones.#": "0",
                            "addons_config.#": "1",
                            "addons_config.0.horizontal_pod_autoscaling.#": "0",
                            "addons_config.0.http_load_balancing.#": "0",
                            "addons_config.0.kubernetes_dashboard.#": "1",
                            "addons_config.0.kubernetes_dashboard.0.disabled": "true",
                            "addons_config.0.network_policy_config.#": "1",
                            "addons_config.0.network_policy_config.0.disabled": "true",
                            "cluster_autoscaling.#": "0",
                            "cluster_ipv4_cidr": "10.24.0.0/14",
                            "description": "",
                            "enable_binary_authorization": "false",
                            "enable_kubernetes_alpha": "false",
                            "enable_legacy_abac": "false",
                            "enable_tpu": "false",
                            "endpoint": "35.189.82.247",
                            "id": "shippy-freight-cluster",
                            "initial_node_count": "1",
                            "instance_group_urls.#": "1",
                            "instance_group_urls.0": "https://www.googleapis.com/compute/v1/projects/my-project-tattoor/zones/europe-west2-a/instanceGroups/gke-shippy-freight-clust-default-pool-2895cb42-grp",
                            "ip_allocation_policy.#": "0",
                            "logging_service": "logging.googleapis.com",
                            "maintenance_policy.#": "0",
                            "master_auth.#": "1",
                            "master_auth.0.client_certificate": "LS0tLS1CRUdJTiBDRVJUSUZJQ0FURS0tLS0tCk1JSUMyekNDQWNPZ0F3SUJBZ0lSQU5NT0RFQjhmVTFJczBjY09NU3VHMVF3RFFZSktvWklodmNOQVFFTEJRQXcKTHpFdE1Dc0dBMVVFQXhNa09HTXhZamhrTkRVdE1Ua3pNeTAwWVdSakxUZ3dNVGN0TUdNNVpqaGtNR013TjJReApNQjRYRFRFNU1ESXdPREE1TWpBeE9Wb1hEVEkwTURJd056QTVNakF4T1Zvd0VURVBNQTBHQTFVRUF4TUdZMnhwClpXNTBNSUlCSWpBTkJna3Foa2lHOXcwQkFRRUZBQU9DQVE4QU1JSUJDZ0tDQVFFQXQveElqb1ozTFN1VitTcjkKekRMR2k5dkFCblBoZVpPT2x4aXIzT29ibXM4YWFMTHZKUmkzVnV2Q0MxeXpTd0diTE9wNndIMG4yaEUxWmFaRgppUlpEVTF6TkEyQmdBOWI2MmYwNzFpOUFvZ2xpN2I3aHNxeUFoOTdaQXNleFpUNmwvemlHbWtZNHNvbERIQ1FMClhwVFpZa1hVNFJDUElDcnl5c251eFRhKzZ3Sjh3VTJ1Ky9iUGN5S0MwMVpHWkU0bk5yZWVMZ2JRc1VZS3NZRFAKQVZaZmEwVkd1MnYxT1hYQk43ZXFhdWpocENUWmhQODFYZlp5YTl6emJDcXpKcHY0VzJEd21nUmcxQnJQOW9NNQpOZVpWNnVFVEpNd0N5MGVoNjdxeGwwV0ZjV290UFNHWGJlL3RuYlZHRG1CVHdWeDFTTTFoQUp5V3puQTR5dmVTCkhKSUEzd0lEQVFBQm94QXdEakFNQmdOVkhSTUJBZjhFQWpBQU1BMEdDU3FHU0liM0RRRUJDd1VBQTRJQkFRRG0Kd0xPNWJXV3REdit1QkcycWp3QnhuV3g4UGx1STVzbEpybDFrdzFubUduc05jZ25OVGRMR1ZEREZpVkNNRVpuNQp6SWZSS1RXamk0dloybHB0RjlwQXQ1QXdEbFo3WDRoUWlIUS85WU1BclpsWVFmZXJtRnJxL3BRMmdDMmJhZi9FCksyT1o3SmphbkkyajEwQTVGSi85VE90M3Q5Q2c2d3ZkMGFiTE4wcVNpdk44MkNaV0drQWZIdThPMmRlbDB5SEwKUXFhZVVDOHVlazJudUZva0ZDWkE5dWdJaVVNRkFFZUkzbTRhMERYODM3RXlzZzliWldJU0FQZmlPZVh6TlpSVApncTVqaTNoZHhuRHloZlRsU2EyWmIwWGpBc2FxQTdEVVdqUG9ieUFMMzNQK0hHRXJwUS9kWkhvalE1aDJNZE91CkFvRVpmRlRFOUpqMk4xazNPZ2JFCi0tLS0tRU5EIENFUlRJRklDQVRFLS0tLS0K",
                            "master_auth.0.client_certificate_config.#": "0",
                            "master_auth.0.client_key": "LS0tLS1CRUdJTiBSU0EgUFJJVkFURSBLRVktLS0tLQpNSUlFcEFJQkFBS0NBUUVBdC94SWpvWjNMU3VWK1NyOXpETEdpOXZBQm5QaGVaT09seGlyM09vYm1zOGFhTEx2CkpSaTNWdXZDQzF5elN3R2JMT3A2d0gwbjJoRTFaYVpGaVJaRFUxek5BMkJnQTliNjJmMDcxaTlBb2dsaTdiN2gKc3F5QWg5N1pBc2V4WlQ2bC96aUdta1k0c29sREhDUUxYcFRaWWtYVTRSQ1BJQ3J5eXNudXhUYSs2d0o4d1UydQorL2JQY3lLQzAxWkdaRTRuTnJlZUxnYlFzVVlLc1lEUEFWWmZhMFZHdTJ2MU9YWEJON2VxYXVqaHBDVFpoUDgxClhmWnlhOXp6YkNxekpwdjRXMkR3bWdSZzFCclA5b001TmVaVjZ1RVRKTXdDeTBlaDY3cXhsMFdGY1dvdFBTR1gKYmUvdG5iVkdEbUJUd1Z4MVNNMWhBSnlXem5BNHl2ZVNISklBM3dJREFRQUJBb0lCQUVxcFd6eFRQdHVhdTJLQQoycnRadzQ2UDM0Myt5bm9Pc2llSXdIMkdseXNzYmhnY3ZNVStFWEI1ZmFZa3VURnY5bXUwdjVtTGNIZWkwaHRzCjdQempodkMyVVEvVXRVSDVwSlIvbWgraHowV3lMMjR4THQvVjl0YXNUVDQra1ROM3g5OFpMaTQrM3RVOHRIb2YKK21rb1dFcno4WjVmbk9VOTZJYjRpU2VJdnRNWTNyekY3bncxQnI1cklqVWQrTmZkR3UybTlvTENOdFUvNWJTdgp2VzVUYmZqYlF1aGtnVTA4VVhsN0NKKzBXN1A2eXYrR0szYWRPNmdmREEvcisyVGJWZGlMRDRXODRxNk9DM1U2Cm1OYjlpOFZDdEIxSDR2MExqTTZZdkFqdW5CWmthZGNWRytUNjVqVTJseWRSS21CaERMaC9PMy93aXRrZm1TcFUKZGJQR1Fra0NnWUVBOW01dGhqSU5WQXcyNXhEMitKZVUyWEUrYndJcVNwejkrMDZkUXJ2UUdzbHBUUWd4cFJKdgpST014eGtCdzJHQVlqQzloNCtXWE4yanRtUTdpS2l6UnJYZjVUQ3JwVnVvUWJtQmwzcEx2RGZIZkJzUDZEd2FoCjY5N0lnSWNTY3hhZEpkcVhWQlB4aEpCSGJ6UFpDSWlpcTNJcnlNMjJya09hclpnQVlBRXA1K3NDZ1lFQXZ5RWgKMzJaV1RZOHlOOER5S0JQWEc0UmRjMWdzQktLOHdVUklyNUdxbk0xdTc1RkJEZHlRTWphQk1WNHQ0bHJUNVF0eQpFYi9BTUhWR0htb3VmQUxoTDRyWkJsbXNySkZqa0pQR2FadlpSUjJjVVl6RElET3F1a1pnMzVwT0ppb3FpcndaCmcvZ1p4bC9LT1k3bEhFcE1hS0dRYzIwazBNS1FTdDYrSy9rZW9kMENnWUVBc1ZsbHJ5ZEVXbEYwRGJVeTJGTlcKeDJwdGNUeVFyU1B3MFRTUmp0NVZkWUd3SzhVUzNXYTM5MDYrbXB2ejJuVEdGZFZmME1DQnBGbjZiS1crZEhYTwo3TldqNzRJT2JnT0RrYndFZERzd21jdVJJM0JVL1ExYjZNRnJjTHhFdGRqM2ZhK2tLdGt6ZnFETEdDZXJNUzRNClMvQ2R2Q1Q0TE0vd2VMQWt6UExwY3NNQ2dZRUFxYUZKUTlHNjVPa2pRN0pkK1UzcWl3U0dRQm5RTDJrVHAxL28KTnRKTW54QUExbVNQWFRNVlUwdG1qQjh2RUFkV3FxRG00M1BRcWZGYmd5RHdFcVlubjU5V2tEbEVkSUF3NHA4VQo2S1FtU0I1SW4yUVR4ZCsxTmMvQ3FKRjFySStkNURXZlc2MzFpa2QzM20vQlRjTnZYeW1OWDdSTmlXNDB6QTQyCnNDWlFsbzBDZ1lBSnlKN25WekJFQ1JOaDViVE5UNEtDQTNTc1FkNFRaM1hpMWp6Y3Q0a1U0ZlFNZWV4NUc0VHUKNzJrSEFvdk9hYzg5QWIra1VJcmNMRGhsQlZQYmxvL3ppTDh1dmRLRVJrQURsOEl6NStHZmkyRlhBc28zYm1XNApGM3VmaTJ0a3lSNGQxSnk0MTA2dEpNTXhZQ2Z0UitTOW9HSnZCQ28va3pqOGpFSm4vZDFPMlE9PQotLS0tLUVORCBSU0EgUFJJVkFURSBLRVktLS0tLQo=",
                            "master_auth.0.cluster_ca_certificate": "LS0tLS1CRUdJTiBDRVJUSUZJQ0FURS0tLS0tCk1JSURERENDQWZTZ0F3SUJBZ0lSQVBKU0plOGVyNGc1YjBYM2NtTElHZkl3RFFZSktvWklodmNOQVFFTEJRQXcKTHpFdE1Dc0dBMVVFQXhNa09HTXhZamhrTkRVdE1Ua3pNeTAwWVdSakxUZ3dNVGN0TUdNNVpqaGtNR013TjJReApNQjRYRFRFNU1ESXdPREE0TWpBeE9Gb1hEVEkwTURJd056QTVNakF4T0Zvd0x6RXRNQ3NHQTFVRUF4TWtPR014CllqaGtORFV0TVRrek15MDBZV1JqTFRnd01UY3RNR001Wmpoa01HTXdOMlF4TUlJQklqQU5CZ2txaGtpRzl3MEIKQVFFRkFBT0NBUThBTUlJQkNnS0NBUUVBOXV6WXM3ZExheExIYTc4QVR5NVFscmFIVTJteU5NbndETEI2MWRzSgpoUjhTS240Y0dSejlIY2JCcjBlTmZDbUliWkpKbkw3RGl3NVdqNDFxR3B6ZVBHYWQ4ZlZDVTgxSnBIUGdRRThxCjM5WkhjeExpWlEzSHNqRUIrdXBHeXdmZGg4R0ZnSG0wL01hcnBSYjRVei85bXNwamF6WG5GOUR0NFo1cDhRRDUKaXBhZUR2TVdDRWdxV2Mzb3gvek1rMC9ZNVl0RGdGK1pROGpxWVF6bWpZWlVoVVlZVXdFczIxVDVjUjVnZnN4dAo3V3UweUdpMnhWUHptQ3NibTV1REEvU1FTdzBKTWtTRDRudmdtaGdHSXdxbWRZVlFFWlcvZmJBR3lPV0lUM3ZYCjBaMmlvMUxDakNzN01pV2pJSlEzQnRWQktqZEVLdHd5eHdyYlgweGdqYVNKaVFJREFRQUJveU13SVRBT0JnTlYKSFE4QkFmOEVCQU1DQWdRd0R3WURWUjBUQVFIL0JBVXdBd0VCL3pBTkJna3Foa2lHOXcwQkFRc0ZBQU9DQVFFQQpmZUdXUXRwaWpDbVpBY1VKRmoxaTZYWWZEUTJINWcwSy9Ud0ZpR0daUmJRclpaalY0ZUxEdjU0c1MyMVFoVm13Cm95c05WRFFGYTMyZk9BNnp4RFBvb25qU2N3VWRaTmxhMURmQ25PY2Frb2lLSC9zV0FDN29Lb1hjQVhuZmdVM0cKdEhkKzZNa1hLSUYrZGFlYTlmVVRmWWFHQ1FKSDJrcDhsSDVCazJCMWZZUVZmNDEyUFR3MGJPNmVXeXNtU1A2TApVNENjWFByK3FzU3V6aHVqVnE0MGZkaFFRckJUclMxakRjc3M0ci9lQ0hvN3Z5VVVubTA3TTFCbmh2bS9yejFICmlPQTVMa21zMkJ2VlplUi8yY0tMbVYvVTBNMzF3Rk9DV0ZvaGt5Q01FTFFTTnhyaHhXckFVcy94MXV0WmU0S3AKcnJFT1pzcTR2YkZwbUZUV01rNGlVdz09Ci0tLS0tRU5EIENFUlRJRklDQVRFLS0tLS0K",
                            "master_auth.0.password": "ieMUUJSkhSTuP8KjoQiGF4R5sE",
                            "master_auth.0.username": "tattoor",
                            "master_authorized_networks_config.#": "0",
                            "master_ipv4_cidr_block": "",
                            "master_version": "1.11.6-gke.2",
                            "monitoring_service": "monitoring.googleapis.com",
                            "name": "shippy-freight-cluster",
                            "network": "projects/my-project-tattoor/global/networks/shippy-platform",
                            "network_policy.#": "1",
                            "network_policy.0.enabled": "false",
                            "network_policy.0.provider": "PROVIDER_UNSPECIFIED",
                            "node_config.#": "1",
                            "node_config.0.disk_size_gb": "100",
                            "node_config.0.disk_type": "pd-standard",
                            "node_config.0.guest_accelerator.#": "0",
                            "node_config.0.image_type": "COS",
                            "node_config.0.labels.%": "0",
                            "node_config.0.local_ssd_count": "0",
                            "node_config.0.machine_type": "n1-standard-4",
                            "node_config.0.metadata.%": "0",
                            "node_config.0.min_cpu_platform": "",
                            "node_config.0.oauth_scopes.#": "6",
                            "node_config.0.oauth_scopes.1277378754": "https://www.googleapis.com/auth/monitoring",
                            "node_config.0.oauth_scopes.1693978638": "https://www.googleapis.com/auth/devstorage.full_control",
                            "node_config.0.oauth_scopes.172152165": "https://www.googleapis.com/auth/logging.write",
                            "node_config.0.oauth_scopes.1733087937": "https://www.googleapis.com/auth/cloud-platform",
                            "node_config.0.oauth_scopes.299962681": "https://www.googleapis.com/auth/compute",
                            "node_config.0.oauth_scopes.4159840982": "https://www.googleapis.com/auth/projecthosting",
                            "node_config.0.preemptible": "false",
                            "node_config.0.service_account": "default",
                            "node_config.0.tags.#": "0",
                            "node_config.0.taint.#": "0",
                            "node_config.0.workload_metadata_config.#": "0",
                            "node_pool.#": "1",
                            "node_pool.0.autoscaling.#": "0",
                            "node_pool.0.initial_node_count": "1",
                            "node_pool.0.instance_group_urls.#": "1",
                            "node_pool.0.instance_group_urls.0": "https://www.googleapis.com/compute/v1/projects/my-project-tattoor/zones/europe-west2-a/instanceGroupManagers/gke-shippy-freight-clust-default-pool-2895cb42-grp",
                            "node_pool.0.management.#": "1",
                            "node_pool.0.management.0.auto_repair": "false",
                            "node_pool.0.management.0.auto_upgrade": "false",
                            "node_pool.0.max_pods_per_node": "0",
                            "node_pool.0.name": "default-pool",
                            "node_pool.0.name_prefix": "",
                            "node_pool.0.node_config.#": "1",
                            "node_pool.0.node_config.0.disk_size_gb": "100",
                            "node_pool.0.node_config.0.disk_type": "pd-standard",
                            "node_pool.0.node_config.0.guest_accelerator.#": "0",
                            "node_pool.0.node_config.0.image_type": "COS",
                            "node_pool.0.node_config.0.labels.%": "0",
                            "node_pool.0.node_config.0.local_ssd_count": "0",
                            "node_pool.0.node_config.0.machine_type": "n1-standard-4",
                            "node_pool.0.node_config.0.metadata.%": "0",
                            "node_pool.0.node_config.0.min_cpu_platform": "",
                            "node_pool.0.node_config.0.oauth_scopes.#": "6",
                            "node_pool.0.node_config.0.oauth_scopes.1277378754": "https://www.googleapis.com/auth/monitoring",
                            "node_pool.0.node_config.0.oauth_scopes.1693978638": "https://www.googleapis.com/auth/devstorage.full_control",
                            "node_pool.0.node_config.0.oauth_scopes.172152165": "https://www.googleapis.com/auth/logging.write",
                            "node_pool.0.node_config.0.oauth_scopes.1733087937": "https://www.googleapis.com/auth/cloud-platform",
                            "node_pool.0.node_config.0.oauth_scopes.299962681": "https://www.googleapis.com/auth/compute",
                            "node_pool.0.node_config.0.oauth_scopes.4159840982": "https://www.googleapis.com/auth/projecthosting",
                            "node_pool.0.node_config.0.preemptible": "false",
                            "node_pool.0.node_config.0.service_account": "default",
                            "node_pool.0.node_config.0.tags.#": "0",
                            "node_pool.0.node_config.0.taint.#": "0",
                            "node_pool.0.node_config.0.workload_metadata_config.#": "0",
                            "node_pool.0.node_count": "1",
                            "node_pool.0.version": "1.11.6-gke.2",
                            "node_version": "1.11.6-gke.2",
                            "pod_security_policy_config.#": "0",
                            "private_cluster": "false",
                            "private_cluster_config.#": "0",
                            "project": "my-project-tattoor",
                            "resource_labels.%": "0",
                            "subnetwork": "projects/my-project-tattoor/regions/europe-west2/subnetworks/dev-shippy-platform-europe-west2",
                            "zone": "europe-west2-a"
                        },
                        "meta": {
                            "e2bfb730-ecaa-11e6-8f88-34363bc7c4c0": {
                                "create": 1800000000000,
                                "delete": 1800000000000,
                                "update": 600000000000
                            },
                            "schema_version": "1"
                        },
                        "tainted": false
                    },
                    "deposed": [],
                    "provider": "provider.google"
                },
                "google_dns_managed_zone.shippy-freight": {
                    "type": "google_dns_managed_zone",
                    "depends_on": [],
                    "primary": {
                        "id": "perimetr-one",
                        "attributes": {
                            "description": "perimetr.one DNS zone",
                            "dns_name": "perimetr.one.",
                            "id": "perimetr-one",
                            "labels.%": "0",
                            "name": "perimetr-one",
                            "name_servers.#": "4",
                            "name_servers.0": "ns-cloud-b1.googledomains.com.",
                            "name_servers.1": "ns-cloud-b2.googledomains.com.",
                            "name_servers.2": "ns-cloud-b3.googledomains.com.",
                            "name_servers.3": "ns-cloud-b4.googledomains.com.",
                            "project": "my-project-tattoor"
                        },
                        "meta": {},
                        "tainted": false
                    },
                    "deposed": [],
                    "provider": "provider.google"
                },
                "google_dns_record_set.dev-k8s-endpoint-shippy-freight": {
                    "type": "google_dns_record_set",
                    "depends_on": [
                        "google_container_cluster.shippy-freight-cluster",
                        "google_dns_managed_zone.shippy-freight"
                    ],
                    "primary": {
                        "id": "perimetr-one/k8s.dev.perimetr.one./A",
                        "attributes": {
                            "id": "perimetr-one/k8s.dev.perimetr.one./A",
                            "managed_zone": "perimetr-one",
                            "name": "k8s.dev.perimetr.one.",
                            "project": "my-project-tattoor",
                            "rrdatas.#": "1",
                            "rrdatas.0": "35.189.82.247",
                            "ttl": "300",
                            "type": "A"
                        },
                        "meta": {},
                        "tainted": false
                    },
                    "deposed": [],
                    "provider": "provider.google"
                }
            },
            "depends_on": []
        }
    ]
}
