{
    "version": 3,
    "terraform_version": "0.11.11",
    "serial": 8,
    "lineage": "d4e2a532-5f4f-d5f9-6514-1c05dd08a701",
    "modules": [
        {
            "path": [
                "root"
            ],
            "outputs": {},
            "resources": {
                "google_compute_firewall.ssh": {
                    "type": "google_compute_firewall",
                    "depends_on": [
                        "google_compute_network.shippy-network"
                    ],
                    "primary": {
                        "id": "shippy-platform-ssh",
                        "attributes": {
                            "allow.#": "2",
                            "allow.1367131964.ports.#": "0",
                            "allow.1367131964.protocol": "icmp",
                            "allow.827249178.ports.#": "3",
                            "allow.827249178.ports.0": "22",
                            "allow.827249178.ports.1": "80",
                            "allow.827249178.ports.2": "443",
                            "allow.827249178.protocol": "tcp",
                            "creation_timestamp": "2019-02-07T03:18:16.877-08:00",
                            "deny.#": "0",
                            "description": "",
                            "destination_ranges.#": "0",
                            "direction": "INGRESS",
                            "disabled": "false",
                            "enable_logging": "false",
                            "id": "shippy-platform-ssh",
                            "name": "shippy-platform-ssh",
                            "network": "https://www.googleapis.com/compute/v1/projects/my-project-tattoor/global/networks/shippy-platform",
                            "priority": "1000",
                            "project": "my-project-tattoor",
                            "self_link": "https://www.googleapis.com/compute/v1/projects/my-project-tattoor/global/firewalls/shippy-platform-ssh",
                            "source_ranges.#": "1",
                            "source_ranges.1080289494": "0.0.0.0/0",
                            "source_service_accounts.#": "0",
                            "source_tags.#": "0",
                            "target_service_accounts.#": "0",
                            "target_tags.#": "0"
                        },
                        "meta": {
                            "e2bfb730-ecaa-11e6-8f88-34363bc7c4c0": {
                                "create": 240000000000,
                                "delete": 240000000000,
                                "update": 240000000000
                            },
                            "schema_version": "1"
                        },
                        "tainted": false
                    },
                    "deposed": [],
                    "provider": "provider.google"
                },
                "google_compute_network.shippy-network": {
                    "type": "google_compute_network",
                    "depends_on": [],
                    "primary": {
                        "id": "shippy-platform",
                        "attributes": {
                            "auto_create_subnetworks": "true",
                            "description": "",
                            "gateway_ipv4": "",
                            "id": "shippy-platform",
                            "ipv4_range": "",
                            "name": "shippy-platform",
                            "project": "my-project-tattoor",
                            "routing_mode": "REGIONAL",
                            "self_link": "https://www.googleapis.com/compute/v1/projects/my-project-tattoor/global/networks/shippy-platform"
                        },
                        "meta": {},
                        "tainted": false
                    },
                    "deposed": [],
                    "provider": "provider.google"
                },
                "google_compute_subnetwork.shippy-freight": {
                    "type": "google_compute_subnetwork",
                    "depends_on": [
                        "google_compute_network.shippy-network"
                    ],
                    "primary": {
                        "id": "europe-west2/dev-shippy-platform-europe-west2",
                        "attributes": {
                            "creation_timestamp": "2019-02-07T03:18:16.946-08:00",
                            "description": "",
                            "enable_flow_logs": "false",
                            "fingerprint": "fBQlJe7KGNk=",
                            "gateway_address": "10.1.2.1",
                            "id": "europe-west2/dev-shippy-platform-europe-west2",
                            "ip_cidr_range": "10.1.2.0/24",
                            "name": "dev-shippy-platform-europe-west2",
                            "network": "https://www.googleapis.com/compute/v1/projects/my-project-tattoor/global/networks/shippy-platform",
                            "private_ip_google_access": "false",
                            "project": "my-project-tattoor",
                            "region": "europe-west2",
                            "secondary_ip_range.#": "0",
                            "self_link": "https://www.googleapis.com/compute/v1/projects/my-project-tattoor/regions/europe-west2/subnetworks/dev-shippy-platform-europe-west2"
                        },
                        "meta": {
                            "e2bfb730-ecaa-11e6-8f88-34363bc7c4c0": {
                                "create": 360000000000,
                                "delete": 360000000000,
                                "update": 360000000000
                            }
                        },
                        "tainted": false
                    },
                    "deposed": [],
                    "provider": "provider.google"
                },
                "google_container_cluster.shippy-freight-cluster": {
                    "type": "google_container_cluster",
                    "depends_on": [
                        "google_compute_network.shippy-network",
                        "google_compute_subnetwork.shippy-freight"
                    ],
                    "primary": {
                        "id": "shippy-freight-cluster",
                        "attributes": {
                            "additional_zones.#": "0",
                            "addons_config.#": "1",
                            "addons_config.0.horizontal_pod_autoscaling.#": "0",
                            "addons_config.0.http_load_balancing.#": "0",
                            "addons_config.0.kubernetes_dashboard.#": "1",
                            "addons_config.0.kubernetes_dashboard.0.disabled": "true",
                            "addons_config.0.network_policy_config.#": "1",
                            "addons_config.0.network_policy_config.0.disabled": "true",
                            "cluster_autoscaling.#": "0",
                            "cluster_ipv4_cidr": "10.24.0.0/14",
                            "description": "",
                            "enable_binary_authorization": "false",
                            "enable_kubernetes_alpha": "false",
                            "enable_legacy_abac": "false",
                            "enable_tpu": "false",
                            "endpoint": "35.234.137.126",
                            "id": "shippy-freight-cluster",
                            "initial_node_count": "1",
                            "instance_group_urls.#": "1",
                            "instance_group_urls.0": "https://www.googleapis.com/compute/v1/projects/my-project-tattoor/zones/europe-west2-a/instanceGroups/gke-shippy-freight-clust-default-pool-1470bc89-grp",
                            "ip_allocation_policy.#": "0",
                            "logging_service": "logging.googleapis.com",
                            "maintenance_policy.#": "0",
                            "master_auth.#": "1",
                            "master_auth.0.client_certificate": "LS0tLS1CRUdJTiBDRVJUSUZJQ0FURS0tLS0tCk1JSUMyekNDQWNPZ0F3SUJBZ0lSQU93QnQxYTNLdklUazFoaEhNZnpER3d3RFFZSktvWklodmNOQVFFTEJRQXcKTHpFdE1Dc0dBMVVFQXhNa1l6RmpabVF5TjJNdFlqTmlOeTAwWXpWbExXRmtabVl0WkdFNU1USTRNRFEwT1RCaApNQjRYRFRFNU1ESXdOekV4TVRnME5Gb1hEVEkwTURJd05qRXhNVGcwTkZvd0VURVBNQTBHQTFVRUF4TUdZMnhwClpXNTBNSUlCSWpBTkJna3Foa2lHOXcwQkFRRUZBQU9DQVE4QU1JSUJDZ0tDQVFFQTRPR2tnc3pTWDNNUDZla1QKaGUzR1VoZlJxb1JFSDFXc2Z4dmZyRnRNeHNhWWd0dWxRVUhDYThCSUZxNGV3eTByZy95NEV0WStzRlR4ZUdMQgpvM3FiNENhUEE2Lzl0eFpLU2cwTnVPdGJxRkRyYzdUVmt0N1pGYUFVY1B4aGFPMkRkRWhRUWlqOGw2WE8rc21qCklaYS9iR25vV2VldmhQbE4rWEFyWmxyVFJrVVdUSjFFM1h5Tm5lOGlnYWFQZWp3SW5tbVVVK2doOGhJOS90aGIKOTVxS2FmTzdmNzZGcUJNTDhyN2Y4VjdnSitHSGh5bURWVWNlbkxjUHhLNndEZTRXV3ZhNFJJbDRoazRQNVdMMgpzell0V3Rqb0ZnSE9yVGRPRTJVY0dkR3hSaWxYbHVnU1hnckdaQUs2Zm1oYUxBYmg0OWVpcENReXBLWGc0WW1aCm0wUXVhd0lEQVFBQm94QXdEakFNQmdOVkhSTUJBZjhFQWpBQU1BMEdDU3FHU0liM0RRRUJDd1VBQTRJQkFRQVgKM1NZbWNtOHZqa3l3ZzlFeE5GcFBTNGdaWnI4dVVIKzFWN25VUHF0RUdQb3M2VWlIRlErbkhhOG50V0hUeEFldgp2cTJJcmI1NU5Xb0FxbittQnJDSFV5YVFjcEN0cHBvcXVKSmptcE1EeEZEcW00Z1J4d091Wm5kNG1tZkZqa25KCndxZ0IyRzM1cHF4WC95R2pGYlBCUEFnT2dUOWhzR2lIUkJpMFhrcnNLZXRlNWg5MHRHeHdOYjBrYXJrNlRNRkUKc0Q0dG0wSjBmeDFjd1BZK2lCWDU2VExMajIwRWNQMm5JRTcwVzVFNWxaaEJMLzFiV0RXaDI5NzFZNGF3dm5VQQpCVGw3aFo5Mi9VbDBwZDMwREpveVpPVTJ0U3RsRXh0NEhtT2srZTlrOVUxcFJMOG5wWTNNNnlwdnh2WTd1cndpCjY1L0F4NVZIRncyOUwvazFvNXRuCi0tLS0tRU5EIENFUlRJRklDQVRFLS0tLS0K",
                            "master_auth.0.client_certificate_config.#": "0",
                            "master_auth.0.client_key": "LS0tLS1CRUdJTiBSU0EgUFJJVkFURSBLRVktLS0tLQpNSUlFb3dJQkFBS0NBUUVBNE9Ha2dzelNYM01QNmVrVGhlM0dVaGZScW9SRUgxV3NmeHZmckZ0TXhzYVlndHVsClFVSENhOEJJRnE0ZXd5MHJnL3k0RXRZK3NGVHhlR0xCbzNxYjRDYVBBNi85dHhaS1NnME51T3RicUZEcmM3VFYKa3Q3WkZhQVVjUHhoYU8yRGRFaFFRaWo4bDZYTytzbWpJWmEvYkdub1dlZXZoUGxOK1hBclpsclRSa1VXVEoxRQozWHlObmU4aWdhYVBlandJbm1tVVUrZ2g4aEk5L3RoYjk1cUthZk83Zjc2RnFCTUw4cjdmOFY3Z0orR0hoeW1EClZVY2VuTGNQeEs2d0RlNFdXdmE0UklsNGhrNFA1V0wyc3pZdFd0am9GZ0hPclRkT0UyVWNHZEd4UmlsWGx1Z1MKWGdyR1pBSzZmbWhhTEFiaDQ5ZWlwQ1F5cEtYZzRZbVptMFF1YXdJREFRQUJBb0lCQUV2cnNkd2M1U3NuVCtpUwo4UzNtZSsxc01ETkdxeTcvQUJqN29wUndVR2ZOVldEY1lacTU1amIxZUFEOE1OT0kxT2VlOHRBZE41WFZYNTVhCmpQQXhyUjFNTnoweDlkQ1JmR3dxb3diYW9wdWRFaGlDcFJZTUdUTUZVOUZmUzAyZTNpSHNaZmdvR1RyalZoRHgKOFJxZVo2cmt5SFpOMDBKcjNtakhkMGQ3ZzFkMXlvbmt6S2dRdnhYcHNyVitBZVppY3hxdFpqQThZOCs2YUlTWApzRmRFYk10V2lLYkc1N1BFWmJlS3p1S3ord0w5MmdZZXRrODVIUkcrMWh0Nm9CSGZmQW51QTdoaUxOS2dkc1FSCms4YS9Lb2NMRmdnZ2pWQnlaVEhtR2ZycG1GOFpCRXhzMUM1QUJjVXRWMUVubjZhaWp6VU45L0Z6bDhEVEVYdFgKRURJdnZ6MENnWUVBOU9mQ25sS0thdUVLWVlJS1dsTnFxR0NCN0pXaXozWS9ZUVpsMUNBYkFkVHNGNm13Q3JvMwplaE1UTUlLR2kzMkMrczRRc3U4ajNFVkRmRHRldGdRMVhidXFWVWNIQ1dKSUlSM3U5d211UXgzcmpkZGUwOXdSCjE1enlDc3N1eVM4L1I2aWtoclpwbnluZG9DVFdvR2xIenNEVHJ6dUh0Qytmc0tPemZua0FmQWNDZ1lFQTZ4R28KeUI4YS9TZk9ZeEZ1aStQY3FEeW1SRlJESW9YdkF0RXZ6NWlMNnp2WTlhRVV2WEI1YmlJeHN5Y1pTajhvOHlmZgo1bmhlSXlmRDdDOVF3ZFJGaTRpWFI2YVRxbkpuUENOZXNCaExiWUhRMWlTMlYrcjdBK2F5Sm81VWozYlBqTW1DClZpNTA0UWNHbW9EVUFqa1AvUFNBSkN3L2tlNVY3d0ROVzc3aHFYMENnWUVBNWVxbVpTZ3NWb2FLemx2ZENFdUQKdUN0U0RoKzB4M3ZGcUhydklpUTU5cEJFVFRxNjBIZGVHYmJLcnlINjJmMnM5M1I1Yk9MaEVhdmMzVWFIZGUyaApoQ3ZvajBLdE1ud1lKeThJNXRjcHlFelFsVXI1OVgrSEtKcHBDUVVUR1VESDhhZzdQVlVHOTZ2QUt0WXF3RkhXClhoM2RIWWVQc1BOOHdjSU5ndEJxU2dVQ2dZQjRxUS9oNlZXSkxLMmIzSTdKNzZTTUZ0V2hyVDdvc2FjRjR5cVAKZk5ZVllScjB1a0pUR3pDNWY0UFRXZlo1VGdKUERlQzRCSUVOdXBPdTRIcXJnN0pPOVVYeDJXZGl6bVovVUFpQwppM1hzTi81aWJXWExxeW85em1VVHRXdGlXTElncWk3azNlUFF2ako5akROSEVOTk1ISlRKL0l5RTg3bllmS2pzCnR3Wk9ZUUtCZ0grbkNxZzNBQ21sZW03d1NlVlN0NThJaVJNQXZ1Njk0L1Jzd1U4UFBxQ2FsM0dJbW5ZTlRZUGUKZmVPZWlVN011L2c2RW5zbGN4TFM3OGptbnUwNHp3aTg3THMyN082MHhva2JoV2E1MXE3ZkwwL0gyVEZqQTlxdApkdHQ1Z2R6V3VIZFNYblg2YmR3UGxFRHh0VHlUazRGajk5M1BJWUZVWll3NXFsaWt3MStECi0tLS0tRU5EIFJTQSBQUklWQVRFIEtFWS0tLS0tCg==",
                            "master_auth.0.cluster_ca_certificate": "LS0tLS1CRUdJTiBDRVJUSUZJQ0FURS0tLS0tCk1JSURDekNDQWZPZ0F3SUJBZ0lRZURXK2xpNHp3R0xKTUVhNENFQTIyVEFOQmdrcWhraUc5dzBCQVFzRkFEQXYKTVMwd0t3WURWUVFERXlSak1XTm1aREkzWXkxaU0ySTNMVFJqTldVdFlXUm1aaTFrWVRreE1qZ3dORFE1TUdFdwpIaGNOTVRrd01qQTNNVEF4T0RReldoY05NalF3TWpBMk1URXhPRFF6V2pBdk1TMHdLd1lEVlFRREV5UmpNV05tClpESTNZeTFpTTJJM0xUUmpOV1V0WVdSbVppMWtZVGt4TWpnd05EUTVNR0V3Z2dFaU1BMEdDU3FHU0liM0RRRUIKQVFVQUE0SUJEd0F3Z2dFS0FvSUJBUUNzWUY5Sm0rMzNHUkFuN3FyRzJhbWRFL0JkV2dIMk9FMUYrNGRWczh3aQpETkxsT1FsL2l1N29CanBNMUNaS3RTVzJZeTlVV1RNdGVaV3VaYjFoWXRBQkJBTERNeTlzaW11TjFQTUZLUmFUCmhIYmpuOUpWRnFDM3dNSVZOTGZNRWpZdnp6dEZIeVBIVnRWTUNTNUEvR3hHUUFkWm5sVDloWXIvQ2xMcTlhWE0KUWl6clArcmI2VEduNytyUXFwenhCYWk0blNVNHk1NzRaY3pRRXpDdzdZRHFFQmRsa29iMzN3WkN1YnNvL0pGSwpnWnlwdHpWSHlkQXlwaENIOE1Lc09hV21NMDQvajMyYjBOdEljdGtpazF5YXBXSExNekV1bzNSQUorNGNBaW9VCmpCYklIOFpuK3VUQTJac2IzQk5CcWp5ajhyU1FGS09VdEFFTkV6L1Z5UTZ2QWdNQkFBR2pJekFoTUE0R0ExVWQKRHdFQi93UUVBd0lDQkRBUEJnTlZIUk1CQWY4RUJUQURBUUgvTUEwR0NTcUdTSWIzRFFFQkN3VUFBNElCQVFBVgpEaFNIeHlpS2NOTldHeXJaQ0NLejlEUENjL2xlOFZ3OEF2OVdwbi9BYzVzN2hvWmUvQ2JKUXNxQm9JVURySHBXCnpVMW41d1hDelk5TDZ3OWZub0NmMDE1UzNJQVl4SzBHTU44UTVLcE9Ucno3dUtzM2RmanZBcHo1SEw0czBHQ3kKb20raDF0ck00OCtTMnhjc2ttbThxU0ZyWFpDN2RydU9PREt1b1Zka3pkb3ZpMVVJZFpCVmt1aHdhMzRNL29pSApLdmU4TTVoS1g1NGNxVmllSUJzSldmZnJRSGtQekdMa0pvMXZ0aXZDM09vdVR4U1dBSjBBM3R0MDdsN2NueXFmCnZ2SkxaTlNOc0hUQ0Z5WXRIT0p2SHlNZ0VEcEdzdURVTEt3b25QZVB3WmcrNjBmc1haOEZwblYwS2FVRU1iYmQKTjdGRGdVK1I5cFJSdG5pT3FzQmIKLS0tLS1FTkQgQ0VSVElGSUNBVEUtLS0tLQo=",
                            "master_auth.0.password": "ieMUUJSkhSTuP8KjoQiGF4R5sE",
                            "master_auth.0.username": "tattoor",
                            "master_authorized_networks_config.#": "0",
                            "master_ipv4_cidr_block": "",
                            "master_version": "1.11.6-gke.2",
                            "monitoring_service": "monitoring.googleapis.com",
                            "name": "shippy-freight-cluster",
                            "network": "projects/my-project-tattoor/global/networks/shippy-platform",
                            "network_policy.#": "1",
                            "network_policy.0.enabled": "false",
                            "network_policy.0.provider": "PROVIDER_UNSPECIFIED",
                            "node_config.#": "1",
                            "node_config.0.disk_size_gb": "100",
                            "node_config.0.disk_type": "pd-standard",
                            "node_config.0.guest_accelerator.#": "0",
                            "node_config.0.image_type": "COS",
                            "node_config.0.labels.%": "0",
                            "node_config.0.local_ssd_count": "0",
                            "node_config.0.machine_type": "n1-standard-2",
                            "node_config.0.metadata.%": "0",
                            "node_config.0.min_cpu_platform": "",
                            "node_config.0.oauth_scopes.#": "6",
                            "node_config.0.oauth_scopes.1277378754": "https://www.googleapis.com/auth/monitoring",
                            "node_config.0.oauth_scopes.1693978638": "https://www.googleapis.com/auth/devstorage.full_control",
                            "node_config.0.oauth_scopes.172152165": "https://www.googleapis.com/auth/logging.write",
                            "node_config.0.oauth_scopes.1733087937": "https://www.googleapis.com/auth/cloud-platform",
                            "node_config.0.oauth_scopes.299962681": "https://www.googleapis.com/auth/compute",
                            "node_config.0.oauth_scopes.4159840982": "https://www.googleapis.com/auth/projecthosting",
                            "node_config.0.preemptible": "false",
                            "node_config.0.service_account": "default",
                            "node_config.0.tags.#": "0",
                            "node_config.0.taint.#": "0",
                            "node_config.0.workload_metadata_config.#": "0",
                            "node_pool.#": "1",
                            "node_pool.0.autoscaling.#": "0",
                            "node_pool.0.initial_node_count": "1",
                            "node_pool.0.instance_group_urls.#": "1",
                            "node_pool.0.instance_group_urls.0": "https://www.googleapis.com/compute/v1/projects/my-project-tattoor/zones/europe-west2-a/instanceGroupManagers/gke-shippy-freight-clust-default-pool-1470bc89-grp",
                            "node_pool.0.management.#": "1",
                            "node_pool.0.management.0.auto_repair": "false",
                            "node_pool.0.management.0.auto_upgrade": "false",
                            "node_pool.0.max_pods_per_node": "0",
                            "node_pool.0.name": "default-pool",
                            "node_pool.0.name_prefix": "",
                            "node_pool.0.node_config.#": "1",
                            "node_pool.0.node_config.0.disk_size_gb": "100",
                            "node_pool.0.node_config.0.disk_type": "pd-standard",
                            "node_pool.0.node_config.0.guest_accelerator.#": "0",
                            "node_pool.0.node_config.0.image_type": "COS",
                            "node_pool.0.node_config.0.labels.%": "0",
                            "node_pool.0.node_config.0.local_ssd_count": "0",
                            "node_pool.0.node_config.0.machine_type": "n1-standard-2",
                            "node_pool.0.node_config.0.metadata.%": "0",
                            "node_pool.0.node_config.0.min_cpu_platform": "",
                            "node_pool.0.node_config.0.oauth_scopes.#": "6",
                            "node_pool.0.node_config.0.oauth_scopes.1277378754": "https://www.googleapis.com/auth/monitoring",
                            "node_pool.0.node_config.0.oauth_scopes.1693978638": "https://www.googleapis.com/auth/devstorage.full_control",
                            "node_pool.0.node_config.0.oauth_scopes.172152165": "https://www.googleapis.com/auth/logging.write",
                            "node_pool.0.node_config.0.oauth_scopes.1733087937": "https://www.googleapis.com/auth/cloud-platform",
                            "node_pool.0.node_config.0.oauth_scopes.299962681": "https://www.googleapis.com/auth/compute",
                            "node_pool.0.node_config.0.oauth_scopes.4159840982": "https://www.googleapis.com/auth/projecthosting",
                            "node_pool.0.node_config.0.preemptible": "false",
                            "node_pool.0.node_config.0.service_account": "default",
                            "node_pool.0.node_config.0.tags.#": "0",
                            "node_pool.0.node_config.0.taint.#": "0",
                            "node_pool.0.node_config.0.workload_metadata_config.#": "0",
                            "node_pool.0.node_count": "1",
                            "node_pool.0.version": "1.11.6-gke.2",
                            "node_version": "1.11.6-gke.2",
                            "pod_security_policy_config.#": "0",
                            "private_cluster": "false",
                            "private_cluster_config.#": "0",
                            "project": "my-project-tattoor",
                            "resource_labels.%": "0",
                            "subnetwork": "projects/my-project-tattoor/regions/europe-west2/subnetworks/dev-shippy-platform-europe-west2",
                            "zone": "europe-west2-a"
                        },
                        "meta": {
                            "e2bfb730-ecaa-11e6-8f88-34363bc7c4c0": {
                                "create": 1800000000000,
                                "delete": 1800000000000,
                                "update": 600000000000
                            },
                            "schema_version": "1"
                        },
                        "tainted": false
                    },
                    "deposed": [],
                    "provider": "provider.google"
                },
                "google_dns_managed_zone.shippy-freight": {
                    "type": "google_dns_managed_zone",
                    "depends_on": [],
                    "primary": {
                        "id": "perimetr-one",
                        "attributes": {
                            "description": "perimetr.one DNS zone",
                            "dns_name": "perimetr.one.",
                            "id": "perimetr-one",
                            "labels.%": "0",
                            "name": "perimetr-one",
                            "name_servers.#": "4",
                            "name_servers.0": "ns-cloud-b1.googledomains.com.",
                            "name_servers.1": "ns-cloud-b2.googledomains.com.",
                            "name_servers.2": "ns-cloud-b3.googledomains.com.",
                            "name_servers.3": "ns-cloud-b4.googledomains.com.",
                            "project": "my-project-tattoor"
                        },
                        "meta": {},
                        "tainted": false
                    },
                    "deposed": [],
                    "provider": "provider.google"
                },
                "google_dns_record_set.dev-k8s-endpoint-shippy-freight": {
                    "type": "google_dns_record_set",
                    "depends_on": [
                        "google_container_cluster.shippy-freight-cluster",
                        "google_dns_managed_zone.shippy-freight"
                    ],
                    "primary": {
                        "id": "perimetr-one/k8s.dev.perimetr.one./A",
                        "attributes": {
                            "id": "perimetr-one/k8s.dev.perimetr.one./A",
                            "managed_zone": "perimetr-one",
                            "name": "k8s.dev.perimetr.one.",
                            "project": "my-project-tattoor",
                            "rrdatas.#": "1",
                            "rrdatas.0": "35.234.137.126",
                            "ttl": "300",
                            "type": "A"
                        },
                        "meta": {},
                        "tainted": false
                    },
                    "deposed": [],
                    "provider": "provider.google"
                }
            },
            "depends_on": []
        }
    ]
}
